
Microsoft Visual Studio Solution File, Format Version 12.00
# Visual Studio 15
VisualStudioVersion = 15.0.27130.2027
MinimumVisualStudioVersion = 10.0.40219.1
Project("{FAE04EC0-301F-11D3-BF4B-00C04F79EFBC}") = "Portfolio_Up", "Portfolio_Up\Portfolio_Up.csproj", "{D04EE760-0DF3-4477-9076-1BB794F5C0CF}"
EndProject
Global
	GlobalSection(SolutionConfigurationPlatforms) = preSolution
		Debug|Any CPU = Debug|Any CPU
		LIVE|Any CPU = LIVE|Any CPU
		Release|Any CPU = Release|Any CPU
		UAT|Any CPU = UAT|Any CPU
	EndGlobalSection
	GlobalSection(ProjectConfigurationPlatforms) = postSolution
		{D04EE760-0DF3-4477-9076-1BB794F5C0CF}.Debug|Any CPU.ActiveCfg = Debug|Any CPU
		{D04EE760-0DF3-4477-9076-1BB794F5C0CF}.Debug|Any CPU.Build.0 = Debug|Any CPU
		{D04EE760-0DF3-4477-9076-1BB794F5C0CF}.LIVE|Any CPU.ActiveCfg = UAT|Any CPU
		{D04EE760-0DF3-4477-9076-1BB794F5C0CF}.LIVE|Any CPU.Build.0 = UAT|Any CPU
		{D04EE760-0DF3-4477-9076-1BB794F5C0CF}.Release|Any CPU.ActiveCfg = LIVE|Any CPU
		{D04EE760-0DF3-4477-9076-1BB794F5C0CF}.Release|Any CPU.Build.0 = LIVE|Any CPU
		{D04EE760-0DF3-4477-9076-1BB794F5C0CF}.UAT|Any CPU.ActiveCfg = UAT|Any CPU
		{D04EE760-0DF3-4477-9076-1BB794F5C0CF}.UAT|Any CPU.Build.0 = UAT|Any CPU
	EndGlobalSection
	GlobalSection(SolutionProperties) = preSolution
		HideSolutionNode = FALSE
	EndGlobalSection
	GlobalSection(ExtensibilityGlobals) = postSolution
		SolutionGuid = {C2CE4ECF-0429-4124-B8EE-770D03694E2E}
	EndGlobalSection
EndGlobal
